
Microsoft Visual Studio Solution File, Format Version 12.00
# Visual Studio Version 17
VisualStudioVersion = 17.8.34408.163
MinimumVisualStudioVersion = 10.0.40219.1
Project("{FAE04EC0-301F-11D3-BF4B-00C04F79EFBC}") = "SurveyHub.Business", "SurveyHub.Business\SurveyHub.Business.csproj", "{C12B6B30-0562-4B3A-A052-8A812B1DCE53}"
EndProject
Project("{FAE04EC0-301F-11D3-BF4B-00C04F79EFBC}") = "SurveyHub.Core", "SurveyHub.Core\SurveyHub.Core.csproj", "{3479FA75-8938-4D3F-A0DB-84CE62A46CEF}"
EndProject
Project("{FAE04EC0-301F-11D3-BF4B-00C04F79EFBC}") = "SurveyHub.DataAccess", "SurveyHub.DataAccess\SurveyHub.DataAccess.csproj", "{068DD094-87CA-4FAB-A839-F98DD6F790DE}"
EndProject
Project("{FAE04EC0-301F-11D3-BF4B-00C04F79EFBC}") = "SurveyHub.Entities", "SurveyHub.Entities\SurveyHub.Entities.csproj", "{4EF7CF7C-7014-4B4D-BF0A-0EBD28C3566B}"
EndProject
Project("{FAE04EC0-301F-11D3-BF4B-00C04F79EFBC}") = "SurveyHub.WebUI", "SurveyHub.WebUI\SurveyHub.WebUI.csproj", "{EA082245-D88D-44CF-8F49-66ADBAFBE613}"
EndProject
Global
	GlobalSection(SolutionConfigurationPlatforms) = preSolution
		Debug|Any CPU = Debug|Any CPU
		Release|Any CPU = Release|Any CPU
	EndGlobalSection
	GlobalSection(ProjectConfigurationPlatforms) = postSolution
		{C12B6B30-0562-4B3A-A052-8A812B1DCE53}.Debug|Any CPU.ActiveCfg = Debug|Any CPU
		{C12B6B30-0562-4B3A-A052-8A812B1DCE53}.Debug|Any CPU.Build.0 = Debug|Any CPU
		{C12B6B30-0562-4B3A-A052-8A812B1DCE53}.Release|Any CPU.ActiveCfg = Release|Any CPU
		{C12B6B30-0562-4B3A-A052-8A812B1DCE53}.Release|Any CPU.Build.0 = Release|Any CPU
		{3479FA75-8938-4D3F-A0DB-84CE62A46CEF}.Debug|Any CPU.ActiveCfg = Debug|Any CPU
		{3479FA75-8938-4D3F-A0DB-84CE62A46CEF}.Debug|Any CPU.Build.0 = Debug|Any CPU
		{3479FA75-8938-4D3F-A0DB-84CE62A46CEF}.Release|Any CPU.ActiveCfg = Release|Any CPU
		{3479FA75-8938-4D3F-A0DB-84CE62A46CEF}.Release|Any CPU.Build.0 = Release|Any CPU
		{068DD094-87CA-4FAB-A839-F98DD6F790DE}.Debug|Any CPU.ActiveCfg = Debug|Any CPU
		{068DD094-87CA-4FAB-A839-F98DD6F790DE}.Debug|Any CPU.Build.0 = Debug|Any CPU
		{068DD094-87CA-4FAB-A839-F98DD6F790DE}.Release|Any CPU.ActiveCfg = Release|Any CPU
		{068DD094-87CA-4FAB-A839-F98DD6F790DE}.Release|Any CPU.Build.0 = Release|Any CPU
		{4EF7CF7C-7014-4B4D-BF0A-0EBD28C3566B}.Debug|Any CPU.ActiveCfg = Debug|Any CPU
		{4EF7CF7C-7014-4B4D-BF0A-0EBD28C3566B}.Debug|Any CPU.Build.0 = Debug|Any CPU
		{4EF7CF7C-7014-4B4D-BF0A-0EBD28C3566B}.Release|Any CPU.ActiveCfg = Release|Any CPU
		{4EF7CF7C-7014-4B4D-BF0A-0EBD28C3566B}.Release|Any CPU.Build.0 = Release|Any CPU
		{EA082245-D88D-44CF-8F49-66ADBAFBE613}.Debug|Any CPU.ActiveCfg = Debug|Any CPU
		{EA082245-D88D-44CF-8F49-66ADBAFBE613}.Debug|Any CPU.Build.0 = Debug|Any CPU
		{EA082245-D88D-44CF-8F49-66ADBAFBE613}.Release|Any CPU.ActiveCfg = Release|Any CPU
		{EA082245-D88D-44CF-8F49-66ADBAFBE613}.Release|Any CPU.Build.0 = Release|Any CPU
	EndGlobalSection
	GlobalSection(SolutionProperties) = preSolution
		HideSolutionNode = FALSE
	EndGlobalSection
	GlobalSection(ExtensibilityGlobals) = postSolution
		SolutionGuid = {9EF10F31-22CB-4A16-BB39-6B58C72A91F1}
	EndGlobalSection
EndGlobal
